{
  "name": "visitor-pattern",
  "version": "1.0.0",
  "lockfileVersion": 3,
  "requires": true,
  "packages": {
    "": {
      "name": "visitor-pattern",
      "version": "1.0.0",
      "license": "ISC",
      "dependencies": {
        "ansis": "^3.10.0"
      }
    },
    "node_modules/ansis": {
      "version": "3.10.0",
      "resolved": "https://registry.npmjs.org/ansis/-/ansis-3.10.0.tgz",
      "integrity": "sha512-hxDKLYT7hy3Y4sF3HxI926A3urzPxi73mZBB629m9bCVF+NyKNxbwCqqm+C/YrGPtxLwnl6d8/ZASCsz6SyvJA==",
      "engines": {
        "node": ">=16"
      }
    }
  }
}
